
Microsoft Visual Studio Solution File, Format Version 12.00
# Visual Studio Version 17
VisualStudioVersion = 17.5.002.0
MinimumVisualStudioVersion = 10.0.40219.1
Project("{9A19103F-16F7-4668-BE54-9A1E7A4F7556}") = "Sistema de Hospedagem", "Sistema de Hospedagem.csproj", "{936227F3-B962-4522-BDE5-FCD3F2D3FC04}"
EndProject
Global
	GlobalSection(SolutionConfigurationPlatforms) = preSolution
		Debug|Any CPU = Debug|Any CPU
		Release|Any CPU = Release|Any CPU
	EndGlobalSection
	GlobalSection(ProjectConfigurationPlatforms) = postSolution
		{936227F3-B962-4522-BDE5-FCD3F2D3FC04}.Debug|Any CPU.ActiveCfg = Debug|Any CPU
		{936227F3-B962-4522-BDE5-FCD3F2D3FC04}.Debug|Any CPU.Build.0 = Debug|Any CPU
		{936227F3-B962-4522-BDE5-FCD3F2D3FC04}.Release|Any CPU.ActiveCfg = Release|Any CPU
		{936227F3-B962-4522-BDE5-FCD3F2D3FC04}.Release|Any CPU.Build.0 = Release|Any CPU
	EndGlobalSection
	GlobalSection(SolutionProperties) = preSolution
		HideSolutionNode = FALSE
	EndGlobalSection
	GlobalSection(ExtensibilityGlobals) = postSolution
		SolutionGuid = {E23EA3BB-88FE-4FEE-B16F-6E04FCB823A6}
	EndGlobalSection
EndGlobal
